// !$*UTF8*$!
{
	archiveVersion = 1;
	classes = {
	};
	objectVersion = 50;
	objects = {

/* Begin PBXBuildFile section */
		A8F2999899F781E3D53F578A /* Pods_Sandesh_AssignmentUITests.framework in Frameworks */ = {isa = PBXBuildFile; fileRef = 7EA1BAE3EF2F66BD5F45A483 /* Pods_Sandesh_AssignmentUITests.framework */; };
		AD08918E22D09759002B6463 /* .gitignore in Resources */ = {isa = PBXBuildFile; fileRef = AD08918D22D09759002B6463 /* .gitignore */; };
		AD08919022D098D9002B6463 /* README.md in Resources */ = {isa = PBXBuildFile; fileRef = AD08918F22D098D9002B6463 /* README.md */; };
		AD3DC21022D0FD7A00C1DD33 /* Webservice.swift in Sources */ = {isa = PBXBuildFile; fileRef = AD3DC20F22D0FD7A00C1DD33 /* Webservice.swift */; };
		AD9D558922CFA4BB002FE8FE /* AppDelegate.swift in Sources */ = {isa = PBXBuildFile; fileRef = AD9D558822CFA4BB002FE8FE /* AppDelegate.swift */; };
		AD9D559022CFA4BC002FE8FE /* Assets.xcassets in Resources */ = {isa = PBXBuildFile; fileRef = AD9D558F22CFA4BC002FE8FE /* Assets.xcassets */; };
		AD9D559E22CFA4BC002FE8FE /* Sandesh_AssignmentTests.swift in Sources */ = {isa = PBXBuildFile; fileRef = AD9D559D22CFA4BC002FE8FE /* Sandesh_AssignmentTests.swift */; };
		AD9D55A922CFA4BD002FE8FE /* Sandesh_AssignmentUITests.swift in Sources */ = {isa = PBXBuildFile; fileRef = AD9D55A822CFA4BD002FE8FE /* Sandesh_AssignmentUITests.swift */; };
		AD9D55BD22CFAD53002FE8FE /* CountryInfoDataModel.swift in Sources */ = {isa = PBXBuildFile; fileRef = AD9D55BC22CFAD53002FE8FE /* CountryInfoDataModel.swift */; };
		AD9D55BF22CFADB6002FE8FE /* CountryDataModel.swift in Sources */ = {isa = PBXBuildFile; fileRef = AD9D55BE22CFADB6002FE8FE /* CountryDataModel.swift */; };
		AD9D55C122CFC338002FE8FE /* CountryViewModel.swift in Sources */ = {isa = PBXBuildFile; fileRef = AD9D55C022CFC338002FE8FE /* CountryViewModel.swift */; };
		AD9D55C322CFC351002FE8FE /* CountryInfoViewModel.swift in Sources */ = {isa = PBXBuildFile; fileRef = AD9D55C222CFC351002FE8FE /* CountryInfoViewModel.swift */; };
		AD9D55C522D07FDD002FE8FE /* CountryInfoViewController.swift in Sources */ = {isa = PBXBuildFile; fileRef = AD9D55C422D07FDD002FE8FE /* CountryInfoViewController.swift */; };
		AD9D55C722D080DD002FE8FE /* CountryInfoVC-Extension+TableViewDelegate.swift in Sources */ = {isa = PBXBuildFile; fileRef = AD9D55C622D080DD002FE8FE /* CountryInfoVC-Extension+TableViewDelegate.swift */; };
		AD9D55C922D08112002FE8FE /* CountryInfoVC-Extension+TableViewDataSource.swift in Sources */ = {isa = PBXBuildFile; fileRef = AD9D55C822D08112002FE8FE /* CountryInfoVC-Extension+TableViewDataSource.swift */; };
		AD9D55CB22D08182002FE8FE /* CountryInfoCell.swift in Sources */ = {isa = PBXBuildFile; fileRef = AD9D55CA22D08182002FE8FE /* CountryInfoCell.swift */; };
		E584ABF2EECE3BCBEB69C103 /* Pods_Sandesh_AssignmentTests.framework in Frameworks */ = {isa = PBXBuildFile; fileRef = B12FAC5F34F413F11010BBA1 /* Pods_Sandesh_AssignmentTests.framework */; };
		F3661F552A569D516601BFAB /* Pods_Sandesh_Assignment.framework in Frameworks */ = {isa = PBXBuildFile; fileRef = 6DBA378E1F675669BA199505 /* Pods_Sandesh_Assignment.framework */; };
/* End PBXBuildFile section */

/* Begin PBXContainerItemProxy section */
		AD9D559A22CFA4BC002FE8FE /* PBXContainerItemProxy */ = {
			isa = PBXContainerItemProxy;
			containerPortal = AD9D557D22CFA4BB002FE8FE /* Project object */;
			proxyType = 1;
			remoteGlobalIDString = AD9D558422CFA4BB002FE8FE;
			remoteInfo = "Sandesh-Assignment";
		};
		AD9D55A522CFA4BD002FE8FE /* PBXContainerItemProxy */ = {
			isa = PBXContainerItemProxy;
			containerPortal = AD9D557D22CFA4BB002FE8FE /* Project object */;
			proxyType = 1;
			remoteGlobalIDString = AD9D558422CFA4BB002FE8FE;
			remoteInfo = "Sandesh-Assignment";
		};
/* End PBXContainerItemProxy section */

/* Begin PBXFileReference section */
		1CC51D9E632E6A195C5A8797 /* Pods-Sandesh-AssignmentUITests.debug.xcconfig */ = {isa = PBXFileReference; includeInIndex = 1; lastKnownFileType = text.xcconfig; name = "Pods-Sandesh-AssignmentUITests.debug.xcconfig"; path = "Pods/Target Support Files/Pods-Sandesh-AssignmentUITests/Pods-Sandesh-AssignmentUITests.debug.xcconfig"; sourceTree = "<group>"; };
		3F9444CC98ED8BC77810FA68 /* Pods-Sandesh-Assignment.release.xcconfig */ = {isa = PBXFileReference; includeInIndex = 1; lastKnownFileType = text.xcconfig; name = "Pods-Sandesh-Assignment.release.xcconfig"; path = "Pods/Target Support Files/Pods-Sandesh-Assignment/Pods-Sandesh-Assignment.release.xcconfig"; sourceTree = "<group>"; };
		594EAC52A66715B98C623F5E /* Pods-Sandesh-AssignmentUITests.release.xcconfig */ = {isa = PBXFileReference; includeInIndex = 1; lastKnownFileType = text.xcconfig; name = "Pods-Sandesh-AssignmentUITests.release.xcconfig"; path = "Pods/Target Support Files/Pods-Sandesh-AssignmentUITests/Pods-Sandesh-AssignmentUITests.release.xcconfig"; sourceTree = "<group>"; };
		6566E79148321120D2CF2A76 /* Pods-Sandesh-AssignmentTests.release.xcconfig */ = {isa = PBXFileReference; includeInIndex = 1; lastKnownFileType = text.xcconfig; name = "Pods-Sandesh-AssignmentTests.release.xcconfig"; path = "Pods/Target Support Files/Pods-Sandesh-AssignmentTests/Pods-Sandesh-AssignmentTests.release.xcconfig"; sourceTree = "<group>"; };
		6DBA378E1F675669BA199505 /* Pods_Sandesh_Assignment.framework */ = {isa = PBXFileReference; explicitFileType = wrapper.framework; includeInIndex = 0; path = Pods_Sandesh_Assignment.framework; sourceTree = BUILT_PRODUCTS_DIR; };
		7EA1BAE3EF2F66BD5F45A483 /* Pods_Sandesh_AssignmentUITests.framework */ = {isa = PBXFileReference; explicitFileType = wrapper.framework; includeInIndex = 0; path = Pods_Sandesh_AssignmentUITests.framework; sourceTree = BUILT_PRODUCTS_DIR; };
		AD08918D22D09759002B6463 /* .gitignore */ = {isa = PBXFileReference; lastKnownFileType = text; path = .gitignore; sourceTree = "<group>"; };
		AD08918F22D098D9002B6463 /* README.md */ = {isa = PBXFileReference; lastKnownFileType = net.daringfireball.markdown; path = README.md; sourceTree = "<group>"; };
		AD3DC20F22D0FD7A00C1DD33 /* Webservice.swift */ = {isa = PBXFileReference; lastKnownFileType = sourcecode.swift; path = Webservice.swift; sourceTree = "<group>"; };
		AD9D558522CFA4BB002FE8FE /* Sandesh-Assignment.app */ = {isa = PBXFileReference; explicitFileType = wrapper.application; includeInIndex = 0; path = "Sandesh-Assignment.app"; sourceTree = BUILT_PRODUCTS_DIR; };
		AD9D558822CFA4BB002FE8FE /* AppDelegate.swift */ = {isa = PBXFileReference; lastKnownFileType = sourcecode.swift; path = AppDelegate.swift; sourceTree = "<group>"; };
		AD9D558F22CFA4BC002FE8FE /* Assets.xcassets */ = {isa = PBXFileReference; lastKnownFileType = folder.assetcatalog; path = Assets.xcassets; sourceTree = "<group>"; };
		AD9D559422CFA4BC002FE8FE /* Info.plist */ = {isa = PBXFileReference; lastKnownFileType = text.plist.xml; path = Info.plist; sourceTree = "<group>"; };
		AD9D559922CFA4BC002FE8FE /* Sandesh-AssignmentTests.xctest */ = {isa = PBXFileReference; explicitFileType = wrapper.cfbundle; includeInIndex = 0; path = "Sandesh-AssignmentTests.xctest"; sourceTree = BUILT_PRODUCTS_DIR; };
		AD9D559D22CFA4BC002FE8FE /* Sandesh_AssignmentTests.swift */ = {isa = PBXFileReference; lastKnownFileType = sourcecode.swift; path = Sandesh_AssignmentTests.swift; sourceTree = "<group>"; };
		AD9D559F22CFA4BC002FE8FE /* Info.plist */ = {isa = PBXFileReference; lastKnownFileType = text.plist.xml; path = Info.plist; sourceTree = "<group>"; };
		AD9D55A422CFA4BD002FE8FE /* Sandesh-AssignmentUITests.xctest */ = {isa = PBXFileReference; explicitFileType = wrapper.cfbundle; includeInIndex = 0; path = "Sandesh-AssignmentUITests.xctest"; sourceTree = BUILT_PRODUCTS_DIR; };
		AD9D55A822CFA4BD002FE8FE /* Sandesh_AssignmentUITests.swift */ = {isa = PBXFileReference; lastKnownFileType = sourcecode.swift; path = Sandesh_AssignmentUITests.swift; sourceTree = "<group>"; };
		AD9D55AA22CFA4BD002FE8FE /* Info.plist */ = {isa = PBXFileReference; lastKnownFileType = text.plist.xml; path = Info.plist; sourceTree = "<group>"; };
		AD9D55BC22CFAD53002FE8FE /* CountryInfoDataModel.swift */ = {isa = PBXFileReference; lastKnownFileType = sourcecode.swift; path = CountryInfoDataModel.swift; sourceTree = "<group>"; };
		AD9D55BE22CFADB6002FE8FE /* CountryDataModel.swift */ = {isa = PBXFileReference; lastKnownFileType = sourcecode.swift; path = CountryDataModel.swift; sourceTree = "<group>"; };
		AD9D55C022CFC338002FE8FE /* CountryViewModel.swift */ = {isa = PBXFileReference; lastKnownFileType = sourcecode.swift; path = CountryViewModel.swift; sourceTree = "<group>"; };
		AD9D55C222CFC351002FE8FE /* CountryInfoViewModel.swift */ = {isa = PBXFileReference; lastKnownFileType = sourcecode.swift; path = CountryInfoViewModel.swift; sourceTree = "<group>"; };
		AD9D55C422D07FDD002FE8FE /* CountryInfoViewController.swift */ = {isa = PBXFileReference; lastKnownFileType = sourcecode.swift; path = CountryInfoViewController.swift; sourceTree = "<group>"; };
		AD9D55C622D080DD002FE8FE /* CountryInfoVC-Extension+TableViewDelegate.swift */ = {isa = PBXFileReference; lastKnownFileType = sourcecode.swift; path = "CountryInfoVC-Extension+TableViewDelegate.swift"; sourceTree = "<group>"; };
		AD9D55C822D08112002FE8FE /* CountryInfoVC-Extension+TableViewDataSource.swift */ = {isa = PBXFileReference; lastKnownFileType = sourcecode.swift; path = "CountryInfoVC-Extension+TableViewDataSource.swift"; sourceTree = "<group>"; };
		AD9D55CA22D08182002FE8FE /* CountryInfoCell.swift */ = {isa = PBXFileReference; lastKnownFileType = sourcecode.swift; path = CountryInfoCell.swift; sourceTree = "<group>"; };
		B12FAC5F34F413F11010BBA1 /* Pods_Sandesh_AssignmentTests.framework */ = {isa = PBXFileReference; explicitFileType = wrapper.framework; includeInIndex = 0; path = Pods_Sandesh_AssignmentTests.framework; sourceTree = BUILT_PRODUCTS_DIR; };
		C06347C9CA7587F8D6191D25 /* Pods-Sandesh-AssignmentTests.debug.xcconfig */ = {isa = PBXFileReference; includeInIndex = 1; lastKnownFileType = text.xcconfig; name = "Pods-Sandesh-AssignmentTests.debug.xcconfig"; path = "Pods/Target Support Files/Pods-Sandesh-AssignmentTests/Pods-Sandesh-AssignmentTests.debug.xcconfig"; sourceTree = "<group>"; };
		F81AF5B6C1052492BDF07790 /* Pods-Sandesh-Assignment.debug.xcconfig */ = {isa = PBXFileReference; includeInIndex = 1; lastKnownFileType = text.xcconfig; name = "Pods-Sandesh-Assignment.debug.xcconfig"; path = "Pods/Target Support Files/Pods-Sandesh-Assignment/Pods-Sandesh-Assignment.debug.xcconfig"; sourceTree = "<group>"; };
/* End PBXFileReference section */

/* Begin PBXFrameworksBuildPhase section */
		AD9D558222CFA4BB002FE8FE /* Frameworks */ = {
			isa = PBXFrameworksBuildPhase;
			buildActionMask = 2147483647;
			files = (
				F3661F552A569D516601BFAB /* Pods_Sandesh_Assignment.framework in Frameworks */,
			);
			runOnlyForDeploymentPostprocessing = 0;
		};
		AD9D559622CFA4BC002FE8FE /* Frameworks */ = {
			isa = PBXFrameworksBuildPhase;
			buildActionMask = 2147483647;
			files = (
				E584ABF2EECE3BCBEB69C103 /* Pods_Sandesh_AssignmentTests.framework in Frameworks */,
			);
			runOnlyForDeploymentPostprocessing = 0;
		};
		AD9D55A122CFA4BD002FE8FE /* Frameworks */ = {
			isa = PBXFrameworksBuildPhase;
			buildActionMask = 2147483647;
			files = (
				A8F2999899F781E3D53F578A /* Pods_Sandesh_AssignmentUITests.framework in Frameworks */,
			);
			runOnlyForDeploymentPostprocessing = 0;
		};
/* End PBXFrameworksBuildPhase section */

/* Begin PBXGroup section */
		34B253468F3C2EBE4C35B7CD /* Pods */ = {
			isa = PBXGroup;
			children = (
				F81AF5B6C1052492BDF07790 /* Pods-Sandesh-Assignment.debug.xcconfig */,
				3F9444CC98ED8BC77810FA68 /* Pods-Sandesh-Assignment.release.xcconfig */,
				C06347C9CA7587F8D6191D25 /* Pods-Sandesh-AssignmentTests.debug.xcconfig */,
				6566E79148321120D2CF2A76 /* Pods-Sandesh-AssignmentTests.release.xcconfig */,
				1CC51D9E632E6A195C5A8797 /* Pods-Sandesh-AssignmentUITests.debug.xcconfig */,
				594EAC52A66715B98C623F5E /* Pods-Sandesh-AssignmentUITests.release.xcconfig */,
			);
			name = Pods;
			sourceTree = "<group>";
		};
		907D3B3BA9F580F6E49CEFBC /* Frameworks */ = {
			isa = PBXGroup;
			children = (
				6DBA378E1F675669BA199505 /* Pods_Sandesh_Assignment.framework */,
				B12FAC5F34F413F11010BBA1 /* Pods_Sandesh_AssignmentTests.framework */,
				7EA1BAE3EF2F66BD5F45A483 /* Pods_Sandesh_AssignmentUITests.framework */,
			);
			name = Frameworks;
			sourceTree = "<group>";
		};
		AD9D557C22CFA4BB002FE8FE = {
			isa = PBXGroup;
			children = (
				AD9D558722CFA4BB002FE8FE /* Sandesh-Assignment */,
				AD9D559C22CFA4BC002FE8FE /* Sandesh-AssignmentTests */,
				AD9D55A722CFA4BD002FE8FE /* Sandesh-AssignmentUITests */,
				AD9D558622CFA4BB002FE8FE /* Products */,
				34B253468F3C2EBE4C35B7CD /* Pods */,
				907D3B3BA9F580F6E49CEFBC /* Frameworks */,
			);
			sourceTree = "<group>";
		};
		AD9D558622CFA4BB002FE8FE /* Products */ = {
			isa = PBXGroup;
			children = (
				AD9D558522CFA4BB002FE8FE /* Sandesh-Assignment.app */,
				AD9D559922CFA4BC002FE8FE /* Sandesh-AssignmentTests.xctest */,
				AD9D55A422CFA4BD002FE8FE /* Sandesh-AssignmentUITests.xctest */,
			);
			name = Products;
			sourceTree = "<group>";
		};
		AD9D558722CFA4BB002FE8FE /* Sandesh-Assignment */ = {
			isa = PBXGroup;
			children = (
				AD9D558822CFA4BB002FE8FE /* AppDelegate.swift */,
				AD9D55BB22CFA994002FE8FE /* AppConstants */,
				AD9D55BA22CFA95E002FE8FE /* Webservice */,
				AD9D55B922CFA948002FE8FE /* Model */,
				AD9D55B722CFA937002FE8FE /* View Model */,
				AD9D55B622CFA929002FE8FE /* View */,
				AD9D558F22CFA4BC002FE8FE /* Assets.xcassets */,
				AD9D559422CFA4BC002FE8FE /* Info.plist */,
				AD08918D22D09759002B6463 /* .gitignore */,
				AD08918F22D098D9002B6463 /* README.md */,
			);
			path = "Sandesh-Assignment";
			sourceTree = "<group>";
		};
		AD9D559C22CFA4BC002FE8FE /* Sandesh-AssignmentTests */ = {
			isa = PBXGroup;
			children = (
				AD9D559D22CFA4BC002FE8FE /* Sandesh_AssignmentTests.swift */,
				AD9D559F22CFA4BC002FE8FE /* Info.plist */,
			);
			path = "Sandesh-AssignmentTests";
			sourceTree = "<group>";
		};
		AD9D55A722CFA4BD002FE8FE /* Sandesh-AssignmentUITests */ = {
			isa = PBXGroup;
			children = (
				AD9D55A822CFA4BD002FE8FE /* Sandesh_AssignmentUITests.swift */,
				AD9D55AA22CFA4BD002FE8FE /* Info.plist */,
			);
			path = "Sandesh-AssignmentUITests";
			sourceTree = "<group>";
		};
		AD9D55B622CFA929002FE8FE /* View */ = {
			isa = PBXGroup;
			children = (
				AD9D55C422D07FDD002FE8FE /* CountryInfoViewController.swift */,
				AD9D55C622D080DD002FE8FE /* CountryInfoVC-Extension+TableViewDelegate.swift */,
				AD9D55C822D08112002FE8FE /* CountryInfoVC-Extension+TableViewDataSource.swift */,
				AD9D55CA22D08182002FE8FE /* CountryInfoCell.swift */,
			);
			path = View;
			sourceTree = "<group>";
		};
		AD9D55B722CFA937002FE8FE /* View Model */ = {
			isa = PBXGroup;
			children = (
				AD9D55C022CFC338002FE8FE /* CountryViewModel.swift */,
				AD9D55C222CFC351002FE8FE /* CountryInfoViewModel.swift */,
			);
			path = "View Model";
			sourceTree = "<group>";
		};
		AD9D55B922CFA948002FE8FE /* Model */ = {
			isa = PBXGroup;
			children = (
				AD9D55BE22CFADB6002FE8FE /* CountryDataModel.swift */,
				AD9D55BC22CFAD53002FE8FE /* CountryInfoDataModel.swift */,
			);
			path = Model;
			sourceTree = "<group>";
		};
		AD9D55BA22CFA95E002FE8FE /* Webservice */ = {
			isa = PBXGroup;
			children = (
				AD3DC20F22D0FD7A00C1DD33 /* Webservice.swift */,
			);
			path = Webservice;
			sourceTree = "<group>";
		};
		AD9D55BB22CFA994002FE8FE /* AppConstants */ = {
			isa = PBXGroup;
			children = (
			);
			path = AppConstants;
			sourceTree = "<group>";
		};
/* End PBXGroup section */

/* Begin PBXNativeTarget section */
		AD9D558422CFA4BB002FE8FE /* Sandesh-Assignment */ = {
			isa = PBXNativeTarget;
			buildConfigurationList = AD9D55AD22CFA4BD002FE8FE /* Build configuration list for PBXNativeTarget "Sandesh-Assignment" */;
			buildPhases = (
				6841D84240D52ED830B80A5F /* [CP] Check Pods Manifest.lock */,
				AD9D558122CFA4BB002FE8FE /* Sources */,
				AD9D558222CFA4BB002FE8FE /* Frameworks */,
				AD9D558322CFA4BB002FE8FE /* Resources */,
				9C45CA3251BEB67B3F5C2260 /* [CP] Embed Pods Frameworks */,
				7649EFDD5BBF108587D65CA9 /* [CP] Copy Pods Resources */,
				AD3DC21122D1AB8700C1DD33 /* ShellScript */,
			);
			buildRules = (
			);
			dependencies = (
			);
			name = "Sandesh-Assignment";
			productName = "Sandesh-Assignment";
			productReference = AD9D558522CFA4BB002FE8FE /* Sandesh-Assignment.app */;
			productType = "com.apple.product-type.application";
		};
		AD9D559822CFA4BC002FE8FE /* Sandesh-AssignmentTests */ = {
			isa = PBXNativeTarget;
			buildConfigurationList = AD9D55B022CFA4BD002FE8FE /* Build configuration list for PBXNativeTarget "Sandesh-AssignmentTests" */;
			buildPhases = (
				CC94CAAB855DA1FACFB8B3C3 /* [CP] Check Pods Manifest.lock */,
				AD9D559522CFA4BC002FE8FE /* Sources */,
				AD9D559622CFA4BC002FE8FE /* Frameworks */,
				AD9D559722CFA4BC002FE8FE /* Resources */,
				235162A8D630767844415F97 /* [CP] Embed Pods Frameworks */,
				4FE561BD19DF35351977AC69 /* [CP] Copy Pods Resources */,
			);
			buildRules = (
			);
			dependencies = (
				AD9D559B22CFA4BC002FE8FE /* PBXTargetDependency */,
			);
			name = "Sandesh-AssignmentTests";
			productName = "Sandesh-AssignmentTests";
			productReference = AD9D559922CFA4BC002FE8FE /* Sandesh-AssignmentTests.xctest */;
			productType = "com.apple.product-type.bundle.unit-test";
		};
		AD9D55A322CFA4BD002FE8FE /* Sandesh-AssignmentUITests */ = {
			isa = PBXNativeTarget;
			buildConfigurationList = AD9D55B322CFA4BD002FE8FE /* Build configuration list for PBXNativeTarget "Sandesh-AssignmentUITests" */;
			buildPhases = (
				53A5FB3D95ADB9538053F8CF /* [CP] Check Pods Manifest.lock */,
				AD9D55A022CFA4BD002FE8FE /* Sources */,
				AD9D55A122CFA4BD002FE8FE /* Frameworks */,
				AD9D55A222CFA4BD002FE8FE /* Resources */,
				06798C48C49B39714BB5A49F /* [CP] Embed Pods Frameworks */,
				05CAFA5C6CE556A34A580F1D /* [CP] Copy Pods Resources */,
			);
			buildRules = (
			);
			dependencies = (
				AD9D55A622CFA4BD002FE8FE /* PBXTargetDependency */,
			);
			name = "Sandesh-AssignmentUITests";
			productName = "Sandesh-AssignmentUITests";
			productReference = AD9D55A422CFA4BD002FE8FE /* Sandesh-AssignmentUITests.xctest */;
			productType = "com.apple.product-type.bundle.ui-testing";
		};
/* End PBXNativeTarget section */

/* Begin PBXProject section */
		AD9D557D22CFA4BB002FE8FE /* Project object */ = {
			isa = PBXProject;
			attributes = {
				LastSwiftUpdateCheck = 1020;
				LastUpgradeCheck = 1020;
				ORGANIZATIONNAME = "sandesh sardar";
				TargetAttributes = {
					AD9D558422CFA4BB002FE8FE = {
						CreatedOnToolsVersion = 10.2.1;
					};
					AD9D559822CFA4BC002FE8FE = {
						CreatedOnToolsVersion = 10.2.1;
						TestTargetID = AD9D558422CFA4BB002FE8FE;
					};
					AD9D55A322CFA4BD002FE8FE = {
						CreatedOnToolsVersion = 10.2.1;
						TestTargetID = AD9D558422CFA4BB002FE8FE;
					};
				};
			};
			buildConfigurationList = AD9D558022CFA4BB002FE8FE /* Build configuration list for PBXProject "Sandesh-Assignment" */;
			compatibilityVersion = "Xcode 9.3";
			developmentRegion = en;
			hasScannedForEncodings = 0;
			knownRegions = (
				en,
				Base,
			);
			mainGroup = AD9D557C22CFA4BB002FE8FE;
			productRefGroup = AD9D558622CFA4BB002FE8FE /* Products */;
			projectDirPath = "";
			projectRoot = "";
			targets = (
				AD9D558422CFA4BB002FE8FE /* Sandesh-Assignment */,
				AD9D559822CFA4BC002FE8FE /* Sandesh-AssignmentTests */,
				AD9D55A322CFA4BD002FE8FE /* Sandesh-AssignmentUITests */,
			);
		};
/* End PBXProject section */

/* Begin PBXResourcesBuildPhase section */
		AD9D558322CFA4BB002FE8FE /* Resources */ = {
			isa = PBXResourcesBuildPhase;
			buildActionMask = 2147483647;
			files = (
				AD08919022D098D9002B6463 /* README.md in Resources */,
				AD08918E22D09759002B6463 /* .gitignore in Resources */,
				AD9D559022CFA4BC002FE8FE /* Assets.xcassets in Resources */,
			);
			runOnlyForDeploymentPostprocessing = 0;
		};
		AD9D559722CFA4BC002FE8FE /* Resources */ = {
			isa = PBXResourcesBuildPhase;
			buildActionMask = 2147483647;
			files = (
			);
			runOnlyForDeploymentPostprocessing = 0;
		};
		AD9D55A222CFA4BD002FE8FE /* Resources */ = {
			isa = PBXResourcesBuildPhase;
			buildActionMask = 2147483647;
			files = (
			);
			runOnlyForDeploymentPostprocessing = 0;
		};
/* End PBXResourcesBuildPhase section */

/* Begin PBXShellScriptBuildPhase section */
		05CAFA5C6CE556A34A580F1D /* [CP] Copy Pods Resources */ = {
			isa = PBXShellScriptBuildPhase;
			buildActionMask = 2147483647;
			files = (
			);
			inputPaths = (
			);
			name = "[CP] Copy Pods Resources";
			outputPaths = (
			);
			runOnlyForDeploymentPostprocessing = 0;
			shellPath = /bin/sh;
			shellScript = "\"${SRCROOT}/Pods/Target Support Files/Pods-Sandesh-AssignmentUITests/Pods-Sandesh-AssignmentUITests-resources.sh\"\n";
			showEnvVarsInLog = 0;
		};
		06798C48C49B39714BB5A49F /* [CP] Embed Pods Frameworks */ = {
			isa = PBXShellScriptBuildPhase;
			buildActionMask = 2147483647;
			files = (
			);
			inputPaths = (
			);
			name = "[CP] Embed Pods Frameworks";
			outputPaths = (
			);
			runOnlyForDeploymentPostprocessing = 0;
			shellPath = /bin/sh;
			shellScript = "\"${SRCROOT}/Pods/Target Support Files/Pods-Sandesh-AssignmentUITests/Pods-Sandesh-AssignmentUITests-frameworks.sh\"\n";
			showEnvVarsInLog = 0;
		};
		235162A8D630767844415F97 /* [CP] Embed Pods Frameworks */ = {
			isa = PBXShellScriptBuildPhase;
			buildActionMask = 2147483647;
			files = (
			);
			inputPaths = (
			);
			name = "[CP] Embed Pods Frameworks";
			outputPaths = (
			);
			runOnlyForDeploymentPostprocessing = 0;
			shellPath = /bin/sh;
			shellScript = "\"${SRCROOT}/Pods/Target Support Files/Pods-Sandesh-AssignmentTests/Pods-Sandesh-AssignmentTests-frameworks.sh\"\n";
			showEnvVarsInLog = 0;
		};
		4FE561BD19DF35351977AC69 /* [CP] Copy Pods Resources */ = {
			isa = PBXShellScriptBuildPhase;
			buildActionMask = 2147483647;
			files = (
			);
			inputPaths = (
			);
			name = "[CP] Copy Pods Resources";
			outputPaths = (
			);
			runOnlyForDeploymentPostprocessing = 0;
			shellPath = /bin/sh;
			shellScript = "\"${SRCROOT}/Pods/Target Support Files/Pods-Sandesh-AssignmentTests/Pods-Sandesh-AssignmentTests-resources.sh\"\n";
			showEnvVarsInLog = 0;
		};
		53A5FB3D95ADB9538053F8CF /* [CP] Check Pods Manifest.lock */ = {
			isa = PBXShellScriptBuildPhase;
			buildActionMask = 2147483647;
			files = (
			);
			inputPaths = (
				"${PODS_PODFILE_DIR_PATH}/Podfile.lock",
				"${PODS_ROOT}/Manifest.lock",
			);
			name = "[CP] Check Pods Manifest.lock";
			outputPaths = (
				"$(DERIVED_FILE_DIR)/Pods-Sandesh-AssignmentUITests-checkManifestLockResult.txt",
			);
			runOnlyForDeploymentPostprocessing = 0;
			shellPath = /bin/sh;
			shellScript = "diff \"${PODS_PODFILE_DIR_PATH}/Podfile.lock\" \"${PODS_ROOT}/Manifest.lock\" > /dev/null\nif [ $? != 0 ] ; then\n    # print error to STDERR\n    echo \"error: The sandbox is not in sync with the Podfile.lock. Run 'pod install' or update your CocoaPods installation.\" >&2\n    exit 1\nfi\n# This output is used by Xcode 'outputs' to avoid re-running this script phase.\necho \"SUCCESS\" > \"${SCRIPT_OUTPUT_FILE_0}\"\n";
			showEnvVarsInLog = 0;
		};
		6841D84240D52ED830B80A5F /* [CP] Check Pods Manifest.lock */ = {
			isa = PBXShellScriptBuildPhase;
			buildActionMask = 2147483647;
			files = (
			);
			inputPaths = (
				"${PODS_PODFILE_DIR_PATH}/Podfile.lock",
				"${PODS_ROOT}/Manifest.lock",
			);
			name = "[CP] Check Pods Manifest.lock";
			outputPaths = (
				"$(DERIVED_FILE_DIR)/Pods-Sandesh-Assignment-checkManifestLockResult.txt",
			);
			runOnlyForDeploymentPostprocessing = 0;
			shellPath = /bin/sh;
			shellScript = "diff \"${PODS_PODFILE_DIR_PATH}/Podfile.lock\" \"${PODS_ROOT}/Manifest.lock\" > /dev/null\nif [ $? != 0 ] ; then\n    # print error to STDERR\n    echo \"error: The sandbox is not in sync with the Podfile.lock. Run 'pod install' or update your CocoaPods installation.\" >&2\n    exit 1\nfi\n# This output is used by Xcode 'outputs' to avoid re-running this script phase.\necho \"SUCCESS\" > \"${SCRIPT_OUTPUT_FILE_0}\"\n";
			showEnvVarsInLog = 0;
		};
		7649EFDD5BBF108587D65CA9 /* [CP] Copy Pods Resources */ = {
			isa = PBXShellScriptBuildPhase;
			buildActionMask = 2147483647;
			files = (
			);
			inputPaths = (
			);
			name = "[CP] Copy Pods Resources";
			outputPaths = (
			);
			runOnlyForDeploymentPostprocessing = 0;
			shellPath = /bin/sh;
			shellScript = "\"${SRCROOT}/Pods/Target Support Files/Pods-Sandesh-Assignment/Pods-Sandesh-Assignment-resources.sh\"\n";
			showEnvVarsInLog = 0;
		};
		9C45CA3251BEB67B3F5C2260 /* [CP] Embed Pods Frameworks */ = {
			isa = PBXShellScriptBuildPhase;
			buildActionMask = 2147483647;
			files = (
			);
			inputPaths = (
				"${SRCROOT}/Pods/Target Support Files/Pods-Sandesh-Assignment/Pods-Sandesh-Assignment-frameworks.sh",
				"${BUILT_PRODUCTS_DIR}/Alamofire/Alamofire.framework",
				"${BUILT_PRODUCTS_DIR}/FLAnimatedImage/FLAnimatedImage.framework",
				"${BUILT_PRODUCTS_DIR}/PINCache/PINCache.framework",
				"${BUILT_PRODUCTS_DIR}/PINRemoteImage/PINRemoteImage.framework",
				"${BUILT_PRODUCTS_DIR}/SnapKit/SnapKit.framework",
			);
			name = "[CP] Embed Pods Frameworks";
			outputPaths = (
				"${TARGET_BUILD_DIR}/${FRAMEWORKS_FOLDER_PATH}/Alamofire.framework",
				"${TARGET_BUILD_DIR}/${FRAMEWORKS_FOLDER_PATH}/FLAnimatedImage.framework",
				"${TARGET_BUILD_DIR}/${FRAMEWORKS_FOLDER_PATH}/PINCache.framework",
				"${TARGET_BUILD_DIR}/${FRAMEWORKS_FOLDER_PATH}/PINRemoteImage.framework",
				"${TARGET_BUILD_DIR}/${FRAMEWORKS_FOLDER_PATH}/SnapKit.framework",
			);
			runOnlyForDeploymentPostprocessing = 0;
			shellPath = /bin/sh;
			shellScript = "\"${SRCROOT}/Pods/Target Support Files/Pods-Sandesh-Assignment/Pods-Sandesh-Assignment-frameworks.sh\"\n";
			showEnvVarsInLog = 0;
		};
		AD3DC21122D1AB8700C1DD33 /* ShellScript */ = {
			isa = PBXShellScriptBuildPhase;
			buildActionMask = 2147483647;
			files = (
			);
			inputFileListPaths = (
			);
			inputPaths = (
			);
			outputFileListPaths = (
			);
			outputPaths = (
			);
			runOnlyForDeploymentPostprocessing = 0;
			shellPath = /bin/sh;
			shellScript = "${PODS_ROOT}/SwiftLint/swiftlint\n";
		};
		CC94CAAB855DA1FACFB8B3C3 /* [CP] Check Pods Manifest.lock */ = {
			isa = PBXShellScriptBuildPhase;
			buildActionMask = 2147483647;
			files = (
			);
			inputPaths = (
				"${PODS_PODFILE_DIR_PATH}/Podfile.lock",
				"${PODS_ROOT}/Manifest.lock",
			);
			name = "[CP] Check Pods Manifest.lock";
			outputPaths = (
				"$(DERIVED_FILE_DIR)/Pods-Sandesh-AssignmentTests-checkManifestLockResult.txt",
			);
			runOnlyForDeploymentPostprocessing = 0;
			shellPath = /bin/sh;
			shellScript = "diff \"${PODS_PODFILE_DIR_PATH}/Podfile.lock\" \"${PODS_ROOT}/Manifest.lock\" > /dev/null\nif [ $? != 0 ] ; then\n    # print error to STDERR\n    echo \"error: The sandbox is not in sync with the Podfile.lock. Run 'pod install' or update your CocoaPods installation.\" >&2\n    exit 1\nfi\n# This output is used by Xcode 'outputs' to avoid re-running this script phase.\necho \"SUCCESS\" > \"${SCRIPT_OUTPUT_FILE_0}\"\n";
			showEnvVarsInLog = 0;
		};
/* End PBXShellScriptBuildPhase section */

/* Begin PBXSourcesBuildPhase section */
		AD9D558122CFA4BB002FE8FE /* Sources */ = {
			isa = PBXSourcesBuildPhase;
			buildActionMask = 2147483647;
			files = (
				AD9D55C922D08112002FE8FE /* CountryInfoVC-Extension+TableViewDataSource.swift in Sources */,
				AD9D55BF22CFADB6002FE8FE /* CountryDataModel.swift in Sources */,
				AD9D55C322CFC351002FE8FE /* CountryInfoViewModel.swift in Sources */,
				AD9D558922CFA4BB002FE8FE /* AppDelegate.swift in Sources */,
				AD9D55CB22D08182002FE8FE /* CountryInfoCell.swift in Sources */,
				AD9D55C522D07FDD002FE8FE /* CountryInfoViewController.swift in Sources */,
				AD9D55BD22CFAD53002FE8FE /* CountryInfoDataModel.swift in Sources */,
				AD9D55C722D080DD002FE8FE /* CountryInfoVC-Extension+TableViewDelegate.swift in Sources */,
				AD3DC21022D0FD7A00C1DD33 /* Webservice.swift in Sources */,
				AD9D55C122CFC338002FE8FE /* CountryViewModel.swift in Sources */,
			);
			runOnlyForDeploymentPostprocessing = 0;
		};
		AD9D559522CFA4BC002FE8FE /* Sources */ = {
			isa = PBXSourcesBuildPhase;
			buildActionMask = 2147483647;
			files = (
				AD9D559E22CFA4BC002FE8FE /* Sandesh_AssignmentTests.swift in Sources */,
			);
			runOnlyForDeploymentPostprocessing = 0;
		};
		AD9D55A022CFA4BD002FE8FE /* Sources */ = {
			isa = PBXSourcesBuildPhase;
			buildActionMask = 2147483647;
			files = (
				AD9D55A922CFA4BD002FE8FE /* Sandesh_AssignmentUITests.swift in Sources */,
			);
			runOnlyForDeploymentPostprocessing = 0;
		};
/* End PBXSourcesBuildPhase section */

/* Begin PBXTargetDependency section */
		AD9D559B22CFA4BC002FE8FE /* PBXTargetDependency */ = {
			isa = PBXTargetDependency;
			target = AD9D558422CFA4BB002FE8FE /* Sandesh-Assignment */;
			targetProxy = AD9D559A22CFA4BC002FE8FE /* PBXContainerItemProxy */;
		};
		AD9D55A622CFA4BD002FE8FE /* PBXTargetDependency */ = {
			isa = PBXTargetDependency;
			target = AD9D558422CFA4BB002FE8FE /* Sandesh-Assignment */;
			targetProxy = AD9D55A522CFA4BD002FE8FE /* PBXContainerItemProxy */;
		};
/* End PBXTargetDependency section */

/* Begin XCBuildConfiguration section */
		AD9D55AB22CFA4BD002FE8FE /* Debug */ = {
			isa = XCBuildConfiguration;
			buildSettings = {
				ALWAYS_SEARCH_USER_PATHS = NO;
				CLANG_ANALYZER_NONNULL = YES;
				CLANG_ANALYZER_NUMBER_OBJECT_CONVERSION = YES_AGGRESSIVE;
				CLANG_CXX_LANGUAGE_STANDARD = "gnu++14";
				CLANG_CXX_LIBRARY = "libc++";
				CLANG_ENABLE_MODULES = YES;
				CLANG_ENABLE_OBJC_ARC = YES;
				CLANG_ENABLE_OBJC_WEAK = YES;
				CLANG_WARN_BLOCK_CAPTURE_AUTORELEASING = YES;
				CLANG_WARN_BOOL_CONVERSION = YES;
				CLANG_WARN_COMMA = YES;
				CLANG_WARN_CONSTANT_CONVERSION = YES;
				CLANG_WARN_DEPRECATED_OBJC_IMPLEMENTATIONS = YES;
				CLANG_WARN_DIRECT_OBJC_ISA_USAGE = YES_ERROR;
				CLANG_WARN_DOCUMENTATION_COMMENTS = YES;
				CLANG_WARN_EMPTY_BODY = YES;
				CLANG_WARN_ENUM_CONVERSION = YES;
				CLANG_WARN_INFINITE_RECURSION = YES;
				CLANG_WARN_INT_CONVERSION = YES;
				CLANG_WARN_NON_LITERAL_NULL_CONVERSION = YES;
				CLANG_WARN_OBJC_IMPLICIT_RETAIN_SELF = YES;
				CLANG_WARN_OBJC_LITERAL_CONVERSION = YES;
				CLANG_WARN_OBJC_ROOT_CLASS = YES_ERROR;
				CLANG_WARN_RANGE_LOOP_ANALYSIS = YES;
				CLANG_WARN_STRICT_PROTOTYPES = YES;
				CLANG_WARN_SUSPICIOUS_MOVE = YES;
				CLANG_WARN_UNGUARDED_AVAILABILITY = YES_AGGRESSIVE;
				CLANG_WARN_UNREACHABLE_CODE = YES;
				CLANG_WARN__DUPLICATE_METHOD_MATCH = YES;
				CODE_SIGN_IDENTITY = "iPhone Developer";
				COPY_PHASE_STRIP = NO;
				DEBUG_INFORMATION_FORMAT = dwarf;
				ENABLE_STRICT_OBJC_MSGSEND = YES;
				ENABLE_TESTABILITY = YES;
				GCC_C_LANGUAGE_STANDARD = gnu11;
				GCC_DYNAMIC_NO_PIC = NO;
				GCC_NO_COMMON_BLOCKS = YES;
				GCC_OPTIMIZATION_LEVEL = 0;
				GCC_PREPROCESSOR_DEFINITIONS = (
					"DEBUG=1",
					"$(inherited)",
				);
				GCC_WARN_64_TO_32_BIT_CONVERSION = YES;
				GCC_WARN_ABOUT_RETURN_TYPE = YES_ERROR;
				GCC_WARN_UNDECLARED_SELECTOR = YES;
				GCC_WARN_UNINITIALIZED_AUTOS = YES_AGGRESSIVE;
				GCC_WARN_UNUSED_FUNCTION = YES;
				GCC_WARN_UNUSED_VARIABLE = YES;
				IPHONEOS_DEPLOYMENT_TARGET = 12.2;
				MTL_ENABLE_DEBUG_INFO = INCLUDE_SOURCE;
				MTL_FAST_MATH = YES;
				ONLY_ACTIVE_ARCH = YES;
				SDKROOT = iphoneos;
				SWIFT_ACTIVE_COMPILATION_CONDITIONS = DEBUG;
				SWIFT_OPTIMIZATION_LEVEL = "-Onone";
			};
			name = Debug;
		};
		AD9D55AC22CFA4BD002FE8FE /* Release */ = {
			isa = XCBuildConfiguration;
			buildSettings = {
				ALWAYS_SEARCH_USER_PATHS = NO;
				CLANG_ANALYZER_NONNULL = YES;
				CLANG_ANALYZER_NUMBER_OBJECT_CONVERSION = YES_AGGRESSIVE;
				CLANG_CXX_LANGUAGE_STANDARD = "gnu++14";
				CLANG_CXX_LIBRARY = "libc++";
				CLANG_ENABLE_MODULES = YES;
				CLANG_ENABLE_OBJC_ARC = YES;
				CLANG_ENABLE_OBJC_WEAK = YES;
				CLANG_WARN_BLOCK_CAPTURE_AUTORELEASING = YES;
				CLANG_WARN_BOOL_CONVERSION = YES;
				CLANG_WARN_COMMA = YES;
				CLANG_WARN_CONSTANT_CONVERSION = YES;
				CLANG_WARN_DEPRECATED_OBJC_IMPLEMENTATIONS = YES;
				CLANG_WARN_DIRECT_OBJC_ISA_USAGE = YES_ERROR;
				CLANG_WARN_DOCUMENTATION_COMMENTS = YES;
				CLANG_WARN_EMPTY_BODY = YES;
				CLANG_WARN_ENUM_CONVERSION = YES;
				CLANG_WARN_INFINITE_RECURSION = YES;
				CLANG_WARN_INT_CONVERSION = YES;
				CLANG_WARN_NON_LITERAL_NULL_CONVERSION = YES;
				CLANG_WARN_OBJC_IMPLICIT_RETAIN_SELF = YES;
				CLANG_WARN_OBJC_LITERAL_CONVERSION = YES;
				CLANG_WARN_OBJC_ROOT_CLASS = YES_ERROR;
				CLANG_WARN_RANGE_LOOP_ANALYSIS = YES;
				CLANG_WARN_STRICT_PROTOTYPES = YES;
				CLANG_WARN_SUSPICIOUS_MOVE = YES;
				CLANG_WARN_UNGUARDED_AVAILABILITY = YES_AGGRESSIVE;
				CLANG_WARN_UNREACHABLE_CODE = YES;
				CLANG_WARN__DUPLICATE_METHOD_MATCH = YES;
				CODE_SIGN_IDENTITY = "iPhone Developer";
				COPY_PHASE_STRIP = NO;
				DEBUG_INFORMATION_FORMAT = "dwarf-with-dsym";
				ENABLE_NS_ASSERTIONS = NO;
				ENABLE_STRICT_OBJC_MSGSEND = YES;
				GCC_C_LANGUAGE_STANDARD = gnu11;
				GCC_NO_COMMON_BLOCKS = YES;
				GCC_WARN_64_TO_32_BIT_CONVERSION = YES;
				GCC_WARN_ABOUT_RETURN_TYPE = YES_ERROR;
				GCC_WARN_UNDECLARED_SELECTOR = YES;
				GCC_WARN_UNINITIALIZED_AUTOS = YES_AGGRESSIVE;
				GCC_WARN_UNUSED_FUNCTION = YES;
				GCC_WARN_UNUSED_VARIABLE = YES;
				IPHONEOS_DEPLOYMENT_TARGET = 12.2;
				MTL_ENABLE_DEBUG_INFO = NO;
				MTL_FAST_MATH = YES;
				SDKROOT = iphoneos;
				SWIFT_COMPILATION_MODE = wholemodule;
				SWIFT_OPTIMIZATION_LEVEL = "-O";
				VALIDATE_PRODUCT = YES;
			};
			name = Release;
		};
		AD9D55AE22CFA4BD002FE8FE /* Debug */ = {
			isa = XCBuildConfiguration;
			baseConfigurationReference = F81AF5B6C1052492BDF07790 /* Pods-Sandesh-Assignment.debug.xcconfig */;
			buildSettings = {
				ASSETCATALOG_COMPILER_APPICON_NAME = AppIcon;
				CODE_SIGN_STYLE = Automatic;
				DEVELOPMENT_TEAM = 69VU96BCPE;
				INFOPLIST_FILE = "Sandesh-Assignment/Info.plist";
				LD_RUNPATH_SEARCH_PATHS = (
					"$(inherited)",
					"@executable_path/Frameworks",
				);
				PRODUCT_BUNDLE_IDENTIFIER = "sss.Sandesh-Assignment";
				PRODUCT_NAME = "$(TARGET_NAME)";
				SWIFT_VERSION = 5.0;
				TARGETED_DEVICE_FAMILY = "1,2";
			};
			name = Debug;
		};
		AD9D55AF22CFA4BD002FE8FE /* Release */ = {
			isa = XCBuildConfiguration;
			baseConfigurationReference = 3F9444CC98ED8BC77810FA68 /* Pods-Sandesh-Assignment.release.xcconfig */;
			buildSettings = {
				ASSETCATALOG_COMPILER_APPICON_NAME = AppIcon;
				CODE_SIGN_STYLE = Automatic;
				DEVELOPMENT_TEAM = 69VU96BCPE;
				INFOPLIST_FILE = "Sandesh-Assignment/Info.plist";
				LD_RUNPATH_SEARCH_PATHS = (
					"$(inherited)",
					"@executable_path/Frameworks",
				);
				PRODUCT_BUNDLE_IDENTIFIER = "sss.Sandesh-Assignment";
				PRODUCT_NAME = "$(TARGET_NAME)";
				SWIFT_VERSION = 5.0;
				TARGETED_DEVICE_FAMILY = "1,2";
			};
			name = Release;
		};
		AD9D55B122CFA4BD002FE8FE /* Debug */ = {
			isa = XCBuildConfiguration;
			baseConfigurationReference = C06347C9CA7587F8D6191D25 /* Pods-Sandesh-AssignmentTests.debug.xcconfig */;
			buildSettings = {
				ALWAYS_EMBED_SWIFT_STANDARD_LIBRARIES = YES;
				BUNDLE_LOADER = "$(TEST_HOST)";
				CODE_SIGN_STYLE = Automatic;
				DEVELOPMENT_TEAM = 69VU96BCPE;
				INFOPLIST_FILE = "Sandesh-AssignmentTests/Info.plist";
				LD_RUNPATH_SEARCH_PATHS = (
					"$(inherited)",
					"@executable_path/Frameworks",
					"@loader_path/Frameworks",
				);
				PRODUCT_BUNDLE_IDENTIFIER = "sss.Sandesh-AssignmentTests";
				PRODUCT_NAME = "$(TARGET_NAME)";
				SWIFT_VERSION = 5.0;
				TARGETED_DEVICE_FAMILY = "1,2";
				TEST_HOST = "$(BUILT_PRODUCTS_DIR)/Sandesh-Assignment.app/Sandesh-Assignment";
			};
			name = Debug;
		};
		AD9D55B222CFA4BD002FE8FE /* Release */ = {
			isa = XCBuildConfiguration;
			baseConfigurationReference = 6566E79148321120D2CF2A76 /* Pods-Sandesh-AssignmentTests.release.xcconfig */;
			buildSettings = {
				ALWAYS_EMBED_SWIFT_STANDARD_LIBRARIES = YES;
				BUNDLE_LOADER = "$(TEST_HOST)";
				CODE_SIGN_STYLE = Automatic;
				DEVELOPMENT_TEAM = 69VU96BCPE;
				INFOPLIST_FILE = "Sandesh-AssignmentTests/Info.plist";
				LD_RUNPATH_SEARCH_PATHS = (
					"$(inherited)",
					"@executable_path/Frameworks",
					"@loader_path/Frameworks",
				);
				PRODUCT_BUNDLE_IDENTIFIER = "sss.Sandesh-AssignmentTests";
				PRODUCT_NAME = "$(TARGET_NAME)";
				SWIFT_VERSION = 5.0;
				TARGETED_DEVICE_FAMILY = "1,2";
				TEST_HOST = "$(BUILT_PRODUCTS_DIR)/Sandesh-Assignment.app/Sandesh-Assignment";
			};
			name = Release;
		};
		AD9D55B422CFA4BD002FE8FE /* Debug */ = {
			isa = XCBuildConfiguration;
			baseConfigurationReference = 1CC51D9E632E6A195C5A8797 /* Pods-Sandesh-AssignmentUITests.debug.xcconfig */;
			buildSettings = {
				ALWAYS_EMBED_SWIFT_STANDARD_LIBRARIES = YES;
				CODE_SIGN_STYLE = Automatic;
				DEVELOPMENT_TEAM = 69VU96BCPE;
				INFOPLIST_FILE = "Sandesh-AssignmentUITests/Info.plist";
				LD_RUNPATH_SEARCH_PATHS = (
					"$(inherited)",
					"@executable_path/Frameworks",
					"@loader_path/Frameworks",
				);
				PRODUCT_BUNDLE_IDENTIFIER = "sss.Sandesh-AssignmentUITests";
				PRODUCT_NAME = "$(TARGET_NAME)";
				SWIFT_VERSION = 5.0;
				TARGETED_DEVICE_FAMILY = "1,2";
				TEST_TARGET_NAME = "Sandesh-Assignment";
			};
			name = Debug;
		};
		AD9D55B522CFA4BD002FE8FE /* Release */ = {
			isa = XCBuildConfiguration;
			baseConfigurationReference = 594EAC52A66715B98C623F5E /* Pods-Sandesh-AssignmentUITests.release.xcconfig */;
			buildSettings = {
				ALWAYS_EMBED_SWIFT_STANDARD_LIBRARIES = YES;
				CODE_SIGN_STYLE = Automatic;
				DEVELOPMENT_TEAM = 69VU96BCPE;
				INFOPLIST_FILE = "Sandesh-AssignmentUITests/Info.plist";
				LD_RUNPATH_SEARCH_PATHS = (
					"$(inherited)",
					"@executable_path/Frameworks",
					"@loader_path/Frameworks",
				);
				PRODUCT_BUNDLE_IDENTIFIER = "sss.Sandesh-AssignmentUITests";
				PRODUCT_NAME = "$(TARGET_NAME)";
				SWIFT_VERSION = 5.0;
				TARGETED_DEVICE_FAMILY = "1,2";
				TEST_TARGET_NAME = "Sandesh-Assignment";
			};
			name = Release;
		};
/* End XCBuildConfiguration section */

/* Begin XCConfigurationList section */
		AD9D558022CFA4BB002FE8FE /* Build configuration list for PBXProject "Sandesh-Assignment" */ = {
			isa = XCConfigurationList;
			buildConfigurations = (
				AD9D55AB22CFA4BD002FE8FE /* Debug */,
				AD9D55AC22CFA4BD002FE8FE /* Release */,
			);
			defaultConfigurationIsVisible = 0;
			defaultConfigurationName = Release;
		};
		AD9D55AD22CFA4BD002FE8FE /* Build configuration list for PBXNativeTarget "Sandesh-Assignment" */ = {
			isa = XCConfigurationList;
			buildConfigurations = (
				AD9D55AE22CFA4BD002FE8FE /* Debug */,
				AD9D55AF22CFA4BD002FE8FE /* Release */,
			);
			defaultConfigurationIsVisible = 0;
			defaultConfigurationName = Release;
		};
		AD9D55B022CFA4BD002FE8FE /* Build configuration list for PBXNativeTarget "Sandesh-AssignmentTests" */ = {
			isa = XCConfigurationList;
			buildConfigurations = (
				AD9D55B122CFA4BD002FE8FE /* Debug */,
				AD9D55B222CFA4BD002FE8FE /* Release */,
			);
			defaultConfigurationIsVisible = 0;
			defaultConfigurationName = Release;
		};
		AD9D55B322CFA4BD002FE8FE /* Build configuration list for PBXNativeTarget "Sandesh-AssignmentUITests" */ = {
			isa = XCConfigurationList;
			buildConfigurations = (
				AD9D55B422CFA4BD002FE8FE /* Debug */,
				AD9D55B522CFA4BD002FE8FE /* Release */,
			);
			defaultConfigurationIsVisible = 0;
			defaultConfigurationName = Release;
		};
/* End XCConfigurationList section */
	};
	rootObject = AD9D557D22CFA4BB002FE8FE /* Project object */;
}
